
Microsoft Visual Studio Solution File, Format Version 12.00
# Visual Studio Version 17
VisualStudioVersion = 17.9.34728.123
MinimumVisualStudioVersion = 10.0.40219.1
Project("{FAE04EC0-301F-11D3-BF4B-00C04F79EFBC}") = "API_NEW", "API_NEW\API_NEW.csproj", "{9BDFF281-6A6D-439D-9C0B-AD2198BA47EB}"
EndProject
Global
	GlobalSection(SolutionConfigurationPlatforms) = preSolution
		Debug|Any CPU = Debug|Any CPU
		Release|Any CPU = Release|Any CPU
	EndGlobalSection
	GlobalSection(ProjectConfigurationPlatforms) = postSolution
		{9BDFF281-6A6D-439D-9C0B-AD2198BA47EB}.Debug|Any CPU.ActiveCfg = Debug|Any CPU
		{9BDFF281-6A6D-439D-9C0B-AD2198BA47EB}.Debug|Any CPU.Build.0 = Debug|Any CPU
		{9BDFF281-6A6D-439D-9C0B-AD2198BA47EB}.Release|Any CPU.ActiveCfg = Release|Any CPU
		{9BDFF281-6A6D-439D-9C0B-AD2198BA47EB}.Release|Any CPU.Build.0 = Release|Any CPU
	EndGlobalSection
	GlobalSection(SolutionProperties) = preSolution
		HideSolutionNode = FALSE
	EndGlobalSection
	GlobalSection(ExtensibilityGlobals) = postSolution
		SolutionGuid = {C33C6C3D-0E87-458B-9343-31D337978BA5}
	EndGlobalSection
EndGlobal
